
Microsoft Visual Studio Solution File, Format Version 12.00
# Visual Studio Version 17
VisualStudioVersion = 17.14.36511.14 d17.14
MinimumVisualStudioVersion = 10.0.40219.1
Project("{8BC9CEB8-8B4A-11D0-8D11-00A0C91BC942}") = "BreakoutGame", "BreakoutGame.vcxproj", "{F20D404B-D59C-4A68-8C1F-DE7BCDAE7750}"
EndProject
Global
	GlobalSection(SolutionConfigurationPlatforms) = preSolution
		Debug|x64 = Debug|x64
		Debug|x86 = Debug|x86
		Release|x64 = Release|x64
		Release|x86 = Release|x86
	EndGlobalSection
	GlobalSection(ProjectConfigurationPlatforms) = postSolution
		{F20D404B-D59C-4A68-8C1F-DE7BCDAE7750}.Debug|x64.ActiveCfg = Debug|x64
		{F20D404B-D59C-4A68-8C1F-DE7BCDAE7750}.Debug|x64.Build.0 = Debug|x64
		{F20D404B-D59C-4A68-8C1F-DE7BCDAE7750}.Debug|x86.ActiveCfg = Debug|Win32
		{F20D404B-D59C-4A68-8C1F-DE7BCDAE7750}.Debug|x86.Build.0 = Debug|Win32
		{F20D404B-D59C-4A68-8C1F-DE7BCDAE7750}.Release|x64.ActiveCfg = Release|x64
		{F20D404B-D59C-4A68-8C1F-DE7BCDAE7750}.Release|x64.Build.0 = Release|x64
		{F20D404B-D59C-4A68-8C1F-DE7BCDAE7750}.Release|x86.ActiveCfg = Release|Win32
		{F20D404B-D59C-4A68-8C1F-DE7BCDAE7750}.Release|x86.Build.0 = Release|Win32
	EndGlobalSection
	GlobalSection(SolutionProperties) = preSolution
		HideSolutionNode = FALSE
	EndGlobalSection
	GlobalSection(ExtensibilityGlobals) = postSolution
		SolutionGuid = {36F7D070-F0AA-4678-8E95-426928C5BDDF}
	EndGlobalSection
EndGlobal
